
Microsoft Visual Studio Solution File, Format Version 12.00
Project("{FAE04EC0-301F-11D3-BF4B-00C04F79EFBC}") = "SpringHeroBank", "SpringHeroBank\SpringHeroBank.csproj", "{D4F1525E-15DD-491E-9C0C-6C1922592DE4}"
EndProject
Project("{FAE04EC0-301F-11D3-BF4B-00C04F79EFBC}") = "Ex2", "Ex2\Ex2.csproj", "{CF3A6AB2-FB33-412E-85F3-A387424154CF}"
EndProject
Project("{FAE04EC0-301F-11D3-BF4B-00C04F79EFBC}") = "Ex3", "Ex3\Ex3.csproj", "{0439E181-A82C-462D-8F2B-9278FCA505CC}"
EndProject
Project("{FAE04EC0-301F-11D3-BF4B-00C04F79EFBC}") = "Ex4", "Ex4\Ex4.csproj", "{4FD0324C-6B7D-49A6-B845-59E110CB09AB}"
EndProject
Project("{FAE04EC0-301F-11D3-BF4B-00C04F79EFBC}") = "Ex5", "Ex5\Ex5.csproj", "{3E359015-715F-4A47-801D-286015AE38DA}"
EndProject
Project("{FAE04EC0-301F-11D3-BF4B-00C04F79EFBC}") = "Lap2", "Lap2\Lap2.csproj", "{6D2CA6FA-74BC-466E-AC1E-093B2F10459B}"
EndProject
Project("{FAE04EC0-301F-11D3-BF4B-00C04F79EFBC}") = "Lap3", "Lap3\Lap3.csproj", "{97239874-CA20-468F-9996-5B331E1376FA}"
EndProject
Project("{FAE04EC0-301F-11D3-BF4B-00C04F79EFBC}") = "Lap4", "Lap4\Lap4.csproj", "{CEEC9AED-E998-4DBF-9A6D-B339282FDD44}"
EndProject
Project("{FAE04EC0-301F-11D3-BF4B-00C04F79EFBC}") = "Lap5", "Lap5\Lap5.csproj", "{B3C7297C-505B-4118-9373-87534A06F94C}"
EndProject
Project("{FAE04EC0-301F-11D3-BF4B-00C04F79EFBC}") = "Lap1", "Lap1\Lap1.csproj", "{769407BE-B404-4C80-9AC4-4755E7038301}"
EndProject
Project("{FAE04EC0-301F-11D3-BF4B-00C04F79EFBC}") = "HiTrader", "HiTrader\HiTrader.csproj", "{6B15424B-69EC-4CA0-9C7E-17A6B8EDDB91}"
EndProject
Project("{FAE04EC0-301F-11D3-BF4B-00C04F79EFBC}") = "Lap6", "Lap6\Lap6.csproj", "{F74B07F8-E95F-42F5-B68E-FC2FA773F73B}"
EndProject
Global
	GlobalSection(SolutionConfigurationPlatforms) = preSolution
		Debug|Any CPU = Debug|Any CPU
		Release|Any CPU = Release|Any CPU
	EndGlobalSection
	GlobalSection(ProjectConfigurationPlatforms) = postSolution
		{D4F1525E-15DD-491E-9C0C-6C1922592DE4}.Debug|Any CPU.ActiveCfg = Debug|Any CPU
		{D4F1525E-15DD-491E-9C0C-6C1922592DE4}.Debug|Any CPU.Build.0 = Debug|Any CPU
		{D4F1525E-15DD-491E-9C0C-6C1922592DE4}.Release|Any CPU.ActiveCfg = Release|Any CPU
		{D4F1525E-15DD-491E-9C0C-6C1922592DE4}.Release|Any CPU.Build.0 = Release|Any CPU
		{CF3A6AB2-FB33-412E-85F3-A387424154CF}.Debug|Any CPU.ActiveCfg = Debug|Any CPU
		{CF3A6AB2-FB33-412E-85F3-A387424154CF}.Debug|Any CPU.Build.0 = Debug|Any CPU
		{CF3A6AB2-FB33-412E-85F3-A387424154CF}.Release|Any CPU.ActiveCfg = Release|Any CPU
		{CF3A6AB2-FB33-412E-85F3-A387424154CF}.Release|Any CPU.Build.0 = Release|Any CPU
		{0439E181-A82C-462D-8F2B-9278FCA505CC}.Debug|Any CPU.ActiveCfg = Debug|Any CPU
		{0439E181-A82C-462D-8F2B-9278FCA505CC}.Debug|Any CPU.Build.0 = Debug|Any CPU
		{0439E181-A82C-462D-8F2B-9278FCA505CC}.Release|Any CPU.ActiveCfg = Release|Any CPU
		{0439E181-A82C-462D-8F2B-9278FCA505CC}.Release|Any CPU.Build.0 = Release|Any CPU
		{4FD0324C-6B7D-49A6-B845-59E110CB09AB}.Debug|Any CPU.ActiveCfg = Debug|Any CPU
		{4FD0324C-6B7D-49A6-B845-59E110CB09AB}.Debug|Any CPU.Build.0 = Debug|Any CPU
		{4FD0324C-6B7D-49A6-B845-59E110CB09AB}.Release|Any CPU.ActiveCfg = Release|Any CPU
		{4FD0324C-6B7D-49A6-B845-59E110CB09AB}.Release|Any CPU.Build.0 = Release|Any CPU
		{3E359015-715F-4A47-801D-286015AE38DA}.Debug|Any CPU.ActiveCfg = Debug|Any CPU
		{3E359015-715F-4A47-801D-286015AE38DA}.Debug|Any CPU.Build.0 = Debug|Any CPU
		{3E359015-715F-4A47-801D-286015AE38DA}.Release|Any CPU.ActiveCfg = Release|Any CPU
		{3E359015-715F-4A47-801D-286015AE38DA}.Release|Any CPU.Build.0 = Release|Any CPU
		{6D2CA6FA-74BC-466E-AC1E-093B2F10459B}.Debug|Any CPU.ActiveCfg = Debug|Any CPU
		{6D2CA6FA-74BC-466E-AC1E-093B2F10459B}.Debug|Any CPU.Build.0 = Debug|Any CPU
		{6D2CA6FA-74BC-466E-AC1E-093B2F10459B}.Release|Any CPU.ActiveCfg = Release|Any CPU
		{6D2CA6FA-74BC-466E-AC1E-093B2F10459B}.Release|Any CPU.Build.0 = Release|Any CPU
		{97239874-CA20-468F-9996-5B331E1376FA}.Debug|Any CPU.ActiveCfg = Debug|Any CPU
		{97239874-CA20-468F-9996-5B331E1376FA}.Debug|Any CPU.Build.0 = Debug|Any CPU
		{97239874-CA20-468F-9996-5B331E1376FA}.Release|Any CPU.ActiveCfg = Release|Any CPU
		{97239874-CA20-468F-9996-5B331E1376FA}.Release|Any CPU.Build.0 = Release|Any CPU
		{CEEC9AED-E998-4DBF-9A6D-B339282FDD44}.Debug|Any CPU.ActiveCfg = Debug|Any CPU
		{CEEC9AED-E998-4DBF-9A6D-B339282FDD44}.Debug|Any CPU.Build.0 = Debug|Any CPU
		{CEEC9AED-E998-4DBF-9A6D-B339282FDD44}.Release|Any CPU.ActiveCfg = Release|Any CPU
		{CEEC9AED-E998-4DBF-9A6D-B339282FDD44}.Release|Any CPU.Build.0 = Release|Any CPU
		{B3C7297C-505B-4118-9373-87534A06F94C}.Debug|Any CPU.ActiveCfg = Debug|Any CPU
		{B3C7297C-505B-4118-9373-87534A06F94C}.Debug|Any CPU.Build.0 = Debug|Any CPU
		{B3C7297C-505B-4118-9373-87534A06F94C}.Release|Any CPU.ActiveCfg = Release|Any CPU
		{B3C7297C-505B-4118-9373-87534A06F94C}.Release|Any CPU.Build.0 = Release|Any CPU
		{769407BE-B404-4C80-9AC4-4755E7038301}.Debug|Any CPU.ActiveCfg = Debug|Any CPU
		{769407BE-B404-4C80-9AC4-4755E7038301}.Debug|Any CPU.Build.0 = Debug|Any CPU
		{769407BE-B404-4C80-9AC4-4755E7038301}.Release|Any CPU.ActiveCfg = Release|Any CPU
		{769407BE-B404-4C80-9AC4-4755E7038301}.Release|Any CPU.Build.0 = Release|Any CPU
		{6B15424B-69EC-4CA0-9C7E-17A6B8EDDB91}.Debug|Any CPU.ActiveCfg = Debug|Any CPU
		{6B15424B-69EC-4CA0-9C7E-17A6B8EDDB91}.Debug|Any CPU.Build.0 = Debug|Any CPU
		{6B15424B-69EC-4CA0-9C7E-17A6B8EDDB91}.Release|Any CPU.ActiveCfg = Release|Any CPU
		{6B15424B-69EC-4CA0-9C7E-17A6B8EDDB91}.Release|Any CPU.Build.0 = Release|Any CPU
		{F74B07F8-E95F-42F5-B68E-FC2FA773F73B}.Debug|Any CPU.ActiveCfg = Debug|Any CPU
		{F74B07F8-E95F-42F5-B68E-FC2FA773F73B}.Debug|Any CPU.Build.0 = Debug|Any CPU
		{F74B07F8-E95F-42F5-B68E-FC2FA773F73B}.Release|Any CPU.ActiveCfg = Release|Any CPU
		{F74B07F8-E95F-42F5-B68E-FC2FA773F73B}.Release|Any CPU.Build.0 = Release|Any CPU
	EndGlobalSection
EndGlobal
